
Microsoft Visual Studio Solution File, Format Version 12.00
# Visual Studio Version 17
VisualStudioVersion = 17.11.35327.3
MinimumVisualStudioVersion = 10.0.40219.1
Project("{FAE04EC0-301F-11D3-BF4B-00C04F79EFBC}") = "EmailProjekt", "EmailProjekt\EmailProjekt.csproj", "{87F5E7ED-6AB3-421C-B802-5844B4D4FECB}"
EndProject
Global
	GlobalSection(SolutionConfigurationPlatforms) = preSolution
		Debug|Any CPU = Debug|Any CPU
		Release|Any CPU = Release|Any CPU
	EndGlobalSection
	GlobalSection(ProjectConfigurationPlatforms) = postSolution
		{87F5E7ED-6AB3-421C-B802-5844B4D4FECB}.Debug|Any CPU.ActiveCfg = Debug|Any CPU
		{87F5E7ED-6AB3-421C-B802-5844B4D4FECB}.Debug|Any CPU.Build.0 = Debug|Any CPU
		{87F5E7ED-6AB3-421C-B802-5844B4D4FECB}.Release|Any CPU.ActiveCfg = Release|Any CPU
		{87F5E7ED-6AB3-421C-B802-5844B4D4FECB}.Release|Any CPU.Build.0 = Release|Any CPU
	EndGlobalSection
	GlobalSection(SolutionProperties) = preSolution
		HideSolutionNode = FALSE
	EndGlobalSection
	GlobalSection(ExtensibilityGlobals) = postSolution
		SolutionGuid = {E5C8D4A9-E67E-4241-8B2C-A2DBB692A381}
	EndGlobalSection
EndGlobal
